
Microsoft Visual Studio Solution File, Format Version 12.00
# Visual Studio Version 17
VisualStudioVersion = 17.11.35312.102
MinimumVisualStudioVersion = 10.0.40219.1
Project("{FAE04EC0-301F-11D3-BF4B-00C04F79EFBC}") = "AIChatbot", "AIChatbot\AIChatbot.csproj", "{B89FA96D-D6AE-4625-9D33-23863BCD2E29}"
EndProject
Global
	GlobalSection(SolutionConfigurationPlatforms) = preSolution
		Debug|Any CPU = Debug|Any CPU
		Release|Any CPU = Release|Any CPU
	EndGlobalSection
	GlobalSection(ProjectConfigurationPlatforms) = postSolution
		{B89FA96D-D6AE-4625-9D33-23863BCD2E29}.Debug|Any CPU.ActiveCfg = Debug|Any CPU
		{B89FA96D-D6AE-4625-9D33-23863BCD2E29}.Debug|Any CPU.Build.0 = Debug|Any CPU
		{B89FA96D-D6AE-4625-9D33-23863BCD2E29}.Release|Any CPU.ActiveCfg = Release|Any CPU
		{B89FA96D-D6AE-4625-9D33-23863BCD2E29}.Release|Any CPU.Build.0 = Release|Any CPU
	EndGlobalSection
	GlobalSection(SolutionProperties) = preSolution
		HideSolutionNode = FALSE
	EndGlobalSection
	GlobalSection(ExtensibilityGlobals) = postSolution
		SolutionGuid = {0B5F1A53-EE6F-47EB-BC69-E4797776E533}
	EndGlobalSection
EndGlobal
